
Microsoft Visual Studio Solution File, Format Version 12.00
# Visual Studio 2013
VisualStudioVersion = 12.0.21005.1
MinimumVisualStudioVersion = 10.0.40219.1
Project("{FAE04EC0-301F-11D3-BF4B-00C04F79EFBC}") = "糖网客户端", "糖网客户端\糖网客户端.csproj", "{21C7F36D-5AB5-4C2E-AE85-B17B584CE97A}"
EndProject
Global
	GlobalSection(SolutionConfigurationPlatforms) = preSolution
		Debug|Any CPU = Debug|Any CPU
		Release|Any CPU = Release|Any CPU
	EndGlobalSection
	GlobalSection(ProjectConfigurationPlatforms) = postSolution
		{21C7F36D-5AB5-4C2E-AE85-B17B584CE97A}.Debug|Any CPU.ActiveCfg = Debug|Any CPU
		{21C7F36D-5AB5-4C2E-AE85-B17B584CE97A}.Debug|Any CPU.Build.0 = Debug|Any CPU
		{21C7F36D-5AB5-4C2E-AE85-B17B584CE97A}.Release|Any CPU.ActiveCfg = Release|Any CPU
		{21C7F36D-5AB5-4C2E-AE85-B17B584CE97A}.Release|Any CPU.Build.0 = Release|Any CPU
	EndGlobalSection
	GlobalSection(SolutionProperties) = preSolution
		HideSolutionNode = FALSE
	EndGlobalSection
EndGlobal
